# Resolved direct and transitive pins for Windows x64 CPython 3.13.
# Refresh on a valid 3.13 x64 environment with:
#   .\scripts\setup_dev.ps1 -RefreshLock
ast_serialize==0.6.0
colorama==0.4.6
duckdb==1.5.4
fastexcel==0.20.2
iniconfig==2.3.0
librt==0.13.0
mypy==2.2.0
mypy_extensions==1.1.0
narwhals==2.23.0
Nuitka==4.1.3
packaging==26.2
pathspec==1.1.1
platformdirs==4.10.0
plotly==6.9.0
pluggy==1.6.0
polars==1.42.1
polars-runtime-32==1.42.1
pyarrow==25.0.0
Pygments==2.20.0
PySide6==6.11.1
PySide6_Addons==6.11.1
PySide6_Essentials==6.11.1
pytest==9.1.1
pytest-qt==4.5.0
ruff==0.15.21
shiboken6==6.11.1
typing_extensions==4.16.0
